
Microsoft Visual Studio Solution File, Format Version 12.00
# Visual Studio Version 17
VisualStudioVersion = 17.2.32314.265
MinimumVisualStudioVersion = 10.0.40219.1
Project("{FAE04EC0-301F-11D3-BF4B-00C04F79EFBC}") = "Desko", "Desko\Desko.csproj", "{A3D0A585-E9C1-418D-85CB-100CCA197199}"
EndProject
Global
	GlobalSection(SolutionConfigurationPlatforms) = preSolution
		Debug|Any CPU = Debug|Any CPU
		Release|Any CPU = Release|Any CPU
	EndGlobalSection
	GlobalSection(ProjectConfigurationPlatforms) = postSolution
		{A3D0A585-E9C1-418D-85CB-100CCA197199}.Debug|Any CPU.ActiveCfg = Debug|Any CPU
		{A3D0A585-E9C1-418D-85CB-100CCA197199}.Debug|Any CPU.Build.0 = Debug|Any CPU
		{A3D0A585-E9C1-418D-85CB-100CCA197199}.Release|Any CPU.ActiveCfg = Release|Any CPU
		{A3D0A585-E9C1-418D-85CB-100CCA197199}.Release|Any CPU.Build.0 = Release|Any CPU
	EndGlobalSection
	GlobalSection(SolutionProperties) = preSolution
		HideSolutionNode = FALSE
	EndGlobalSection
	GlobalSection(ExtensibilityGlobals) = postSolution
		SolutionGuid = {03F7B28A-33B9-45F9-A49E-D1A065CC1606}
	EndGlobalSection
EndGlobal
